
Microsoft Visual Studio Solution File, Format Version 12.00
# Visual Studio Version 17
VisualStudioVersion = 17.5.33502.453
MinimumVisualStudioVersion = 10.0.40219.1
Project("{FAE04EC0-301F-11D3-BF4B-00C04F79EFBC}") = "ConsoleApp89", "ConsoleApp89\ConsoleApp89.csproj", "{702A889F-7E0D-4E38-B41A-AFA0DADDEC3E}"
EndProject
Global
	GlobalSection(SolutionConfigurationPlatforms) = preSolution
		Debug|Any CPU = Debug|Any CPU
		Release|Any CPU = Release|Any CPU
	EndGlobalSection
	GlobalSection(ProjectConfigurationPlatforms) = postSolution
		{702A889F-7E0D-4E38-B41A-AFA0DADDEC3E}.Debug|Any CPU.ActiveCfg = Debug|Any CPU
		{702A889F-7E0D-4E38-B41A-AFA0DADDEC3E}.Debug|Any CPU.Build.0 = Debug|Any CPU
		{702A889F-7E0D-4E38-B41A-AFA0DADDEC3E}.Release|Any CPU.ActiveCfg = Release|Any CPU
		{702A889F-7E0D-4E38-B41A-AFA0DADDEC3E}.Release|Any CPU.Build.0 = Release|Any CPU
	EndGlobalSection
	GlobalSection(SolutionProperties) = preSolution
		HideSolutionNode = FALSE
	EndGlobalSection
	GlobalSection(ExtensibilityGlobals) = postSolution
		SolutionGuid = {617F9B14-4A08-4C7B-99B9-9DF71BA69FFD}
	EndGlobalSection
EndGlobal
